
Microsoft Visual Studio Solution File, Format Version 12.00
# Visual Studio Version 16
VisualStudioVersion = 16.0.32901.82
MinimumVisualStudioVersion = 10.0.40219.1
Project("{FAE04EC0-301F-11D3-BF4B-00C04F79EFBC}") = "AllLabs", "AllLabs.csproj", "{2F01FC1C-78D2-41D7-8247-1B5A78ED0B83}"
EndProject
Global
	GlobalSection(SolutionConfigurationPlatforms) = preSolution
		Debug|Any CPU = Debug|Any CPU
		Release|Any CPU = Release|Any CPU
	EndGlobalSection
	GlobalSection(ProjectConfigurationPlatforms) = postSolution
		{2F01FC1C-78D2-41D7-8247-1B5A78ED0B83}.Debug|Any CPU.ActiveCfg = Debug|Any CPU
		{2F01FC1C-78D2-41D7-8247-1B5A78ED0B83}.Debug|Any CPU.Build.0 = Debug|Any CPU
		{2F01FC1C-78D2-41D7-8247-1B5A78ED0B83}.Release|Any CPU.ActiveCfg = Release|Any CPU
		{2F01FC1C-78D2-41D7-8247-1B5A78ED0B83}.Release|Any CPU.Build.0 = Release|Any CPU
	EndGlobalSection
	GlobalSection(SolutionProperties) = preSolution
		HideSolutionNode = FALSE
	EndGlobalSection
	GlobalSection(ExtensibilityGlobals) = postSolution
		SolutionGuid = {8C44D454-E849-43CD-A9E4-3405A4FBE50B}
	EndGlobalSection
EndGlobal
